
Microsoft Visual Studio Solution File, Format Version 12.00
# Visual Studio Version 16
VisualStudioVersion = 16.0.31019.35
MinimumVisualStudioVersion = 10.0.40219.1
Project("{FAE04EC0-301F-11D3-BF4B-00C04F79EFBC}") = "DzialniaOrazZapisDoPliku", "DzialniaOrazZapisDoPliku\DzialniaOrazZapisDoPliku.csproj", "{E31085EA-F3A0-4CA2-8883-8AAC6CD90DA1}"
EndProject
Project("{FAE04EC0-301F-11D3-BF4B-00C04F79EFBC}") = "DzialaniaOrazZapisDoPlikuTests", "DzialaniaOrazZapisDoPlikuTests\DzialaniaOrazZapisDoPlikuTests.csproj", "{20656ED3-3109-4165-80B7-24F08AA823EB}"
EndProject
Global
	GlobalSection(SolutionConfigurationPlatforms) = preSolution
		Debug|Any CPU = Debug|Any CPU
		Release|Any CPU = Release|Any CPU
	EndGlobalSection
	GlobalSection(ProjectConfigurationPlatforms) = postSolution
		{E31085EA-F3A0-4CA2-8883-8AAC6CD90DA1}.Debug|Any CPU.ActiveCfg = Debug|Any CPU
		{E31085EA-F3A0-4CA2-8883-8AAC6CD90DA1}.Debug|Any CPU.Build.0 = Debug|Any CPU
		{E31085EA-F3A0-4CA2-8883-8AAC6CD90DA1}.Release|Any CPU.ActiveCfg = Release|Any CPU
		{E31085EA-F3A0-4CA2-8883-8AAC6CD90DA1}.Release|Any CPU.Build.0 = Release|Any CPU
		{20656ED3-3109-4165-80B7-24F08AA823EB}.Debug|Any CPU.ActiveCfg = Debug|Any CPU
		{20656ED3-3109-4165-80B7-24F08AA823EB}.Debug|Any CPU.Build.0 = Debug|Any CPU
		{20656ED3-3109-4165-80B7-24F08AA823EB}.Release|Any CPU.ActiveCfg = Release|Any CPU
		{20656ED3-3109-4165-80B7-24F08AA823EB}.Release|Any CPU.Build.0 = Release|Any CPU
	EndGlobalSection
	GlobalSection(SolutionProperties) = preSolution
		HideSolutionNode = FALSE
	EndGlobalSection
	GlobalSection(ExtensibilityGlobals) = postSolution
		SolutionGuid = {8B79BA42-4A91-4D7F-B1BE-599D05DA23CF}
	EndGlobalSection
EndGlobal
